Microsoft Visual Studio Solution File, Format Version 11.00
# Visual Studio 2008

Project("{0491229D-3286-76B3-839C-48CDF67C8B26}") = "BattleZone", "Assembly-CSharp.csproj", "{38ECE653-D7A7-7804-7602-AB5BCCA51447}"
EndProject
Global
	GlobalSection(SolutionConfigurationPlatforms) = preSolution
		Debug|Any CPU = Debug|Any CPU
		Release|Any CPU = Release|Any CPU
	EndGlobalSection
	GlobalSection(ProjectConfigurationPlatforms) = postSolution
		{38ECE653-D7A7-7804-7602-AB5BCCA51447}.Debug|Any CPU.ActiveCfg = Debug|Any CPU
		{38ECE653-D7A7-7804-7602-AB5BCCA51447}.Debug|Any CPU.Build.0 = Debug|Any CPU
		{38ECE653-D7A7-7804-7602-AB5BCCA51447}.Release|Any CPU.ActiveCfg = Release|Any CPU
		{38ECE653-D7A7-7804-7602-AB5BCCA51447}.Release|Any CPU.Build.0 = Release|Any CPU
	EndGlobalSection
	GlobalSection(SolutionProperties) = preSolution
		HideSolutionNode = FALSE
	EndGlobalSection
	GlobalSection(MonoDevelopProperties) = preSolution
		StartupItem = Assembly-CSharp.csproj
	EndGlobalSection
EndGlobal
